<?xml version="1.0" encoding="utf-8"?>
<Project ToolsVersion="4.0" xmlns="http://schemas.microsoft.com/developer/msbuild/2003">
  <ItemGroup>
    <Filter Include="include">
      <UniqueIdentifier>{b1350c2a-0971-49c7-a457-191a0dbb78e2}</UniqueIdentifier>
    </Filter>
    <Filter Include="src">
      <UniqueIdentifier>{9d6a6444-3b04-4610-98da-2910f2e12975}</UniqueIdentifier>
    </Filter>
    <Filter Include="public">
      <UniqueIdentifier>{2a5fb3db-9e29-48b6-8700-dce875791baf}</UniqueIdentifier>
    </Filter>
    <Filter Include="version">
      <UniqueIdentifier>{3b33f11d-6bb6-40ed-8d55-a1609f01adeb}</UniqueIdentifier>
    </Filter>
    <Filter Include="gradle">
      <UniqueIdentifier>{91057668-b802-4bd5-913c-b79adf8bff09}</UniqueIdentifier>
    </Filter>
  </ItemGroup>
  <ItemGroup>
    <ClInclude Include="..\src\osconf.h">
      <Filter>src</Filter>
    </ClInclude>
    <ClInclude Include="..\public\IVoiceCodec.h">
      <Filter>public</Filter>
    </ClInclude>
    <ClInclude Include="..\public\utlbuffer.h">
      <Filter>public</Filter>
    </ClInclude>
    <ClInclude Include="..\public\utlmemory.h">
      <Filter>public</Filter>
    </ClInclude>
    <ClInclude Include="..\src\VoiceEncoder_Silk.h">
      <Filter>src</Filter>
    </ClInclude>
    <ClInclude Include="..\src\iframeencoder.h">
      <Filter>src</Filter>
    </ClInclude>
    <ClInclude Include="..\src\voice_codec_frame.h">
      <Filter>src</Filter>
    </ClInclude>
    <ClInclude Include="..\src\VoiceEncoder_Speex.h">
      <Filter>src</Filter>
    </ClInclude>
    <ClInclude Include="..\src\SteamP2PCodec.h">
      <Filter>src</Filter>
    </ClInclude>
    <ClInclude Include="..\public\reunion_api.h">
      <Filter>public</Filter>
    </ClInclude>
    <ClInclude Include="resource.h" />
    <ClInclude Include="..\version\appversion.h">
      <Filter>version</Filter>
    </ClInclude>
    <ClInclude Include="..\src\VoiceEncoder_Opus.h">
      <Filter>src</Filter>
    </ClInclude>
    <ClInclude Include="..\public\CRC.h" />
    <ClInclude Include="..\src\wav_enc.h" />
  </ItemGroup>
  <ItemGroup>
    <ClCompile Include="..\public\utlbuffer.cpp">
      <Filter>public</Filter>
    </ClCompile>
    <ClCompile Include="..\src\VoiceEncoder_Silk.cpp">
      <Filter>src</Filter>
    </ClCompile>
    <ClCompile Include="..\src\voice_codec_frame.cpp">
      <Filter>src</Filter>
    </ClCompile>
    <ClCompile Include="..\src\VoiceEncoder_Speex.cpp">
      <Filter>src</Filter>
    </ClCompile>
    <ClCompile Include="..\src\SteamP2PCodec.cpp">
      <Filter>src</Filter>
    </ClCompile>
    <ClCompile Include="..\version\version.cpp">
      <Filter>version</Filter>
    </ClCompile>
    <ClCompile Include="..\src\VoiceEncoder_Opus.cpp">
      <Filter>src</Filter>
    </ClCompile>
    <ClCompile Include="Source.cpp">
      <Filter>src</Filter>
    </ClCompile>
    <ClCompile Include="..\public\crc.cpp" />
  </ItemGroup>
  <ItemGroup>
    <None Include="..\version\appversion.vm">
      <Filter>version</Filter>
    </None>
    <None Include="..\build.gradle">
      <Filter>gradle</Filter>
    </None>
  </ItemGroup>
  <ItemGroup>
    <ResourceCompile Include="revoice.rc" />
  </ItemGroup>
</Project>